// !$*UTF8*$!
{
	archiveVersion = 1;
	classes = {
	};
	objectVersion = 46;
	objects = {

/* Begin PBXFileReference section */
		620B81BF19F65597004ABFB7 /* 01ASwiftKickstart.pdf */ = {isa = PBXFileReference; lastKnownFileType = image.pdf; path = 01ASwiftKickstart.pdf; sourceTree = "<group>"; };
		625A995E19F65A1200221D05 /* Functions.playground */ = {isa = PBXFileReference; lastKnownFileType = file.playground; path = Functions.playground; sourceTree = "<group>"; };
		625A995F19F65EEA00221D05 /* Functions2.playground */ = {isa = PBXFileReference; lastKnownFileType = file.playground; path = Functions2.playground; sourceTree = "<group>"; };
		625A996019F6636F00221D05 /* Functions3.playground */ = {isa = PBXFileReference; lastKnownFileType = file.playground; path = Functions3.playground; sourceTree = "<group>"; };
		625A996119F664F500221D05 /* Functions4.playground */ = {isa = PBXFileReference; lastKnownFileType = file.playground; path = Functions4.playground; sourceTree = "<group>"; };
		625A996219F6686300221D05 /* 01TryThis.playground */ = {isa = PBXFileReference; lastKnownFileType = file.playground; path = 01TryThis.playground; sourceTree = "<group>"; };
		625A996419F6688300221D05 /* 02ASwiftKickstart.pdf */ = {isa = PBXFileReference; lastKnownFileType = image.pdf; path = 02ASwiftKickstart.pdf; sourceTree = "<group>"; };
		625A996519F668B500221D05 /* VariablesAndConstants1.playground */ = {isa = PBXFileReference; lastKnownFileType = file.playground; path = VariablesAndConstants1.playground; sourceTree = "<group>"; };
		625A996619F66AEA00221D05 /* VariablesAndConstants2.playground */ = {isa = PBXFileReference; lastKnownFileType = file.playground; path = VariablesAndConstants2.playground; sourceTree = "<group>"; };
		625A996719F6717A00221D05 /* VariablesAndConstants3.playground */ = {isa = PBXFileReference; lastKnownFileType = file.playground; path = VariablesAndConstants3.playground; sourceTree = "<group>"; };
		625A996819F6738100221D05 /* VariablesAndConstants4.playground */ = {isa = PBXFileReference; lastKnownFileType = file.playground; path = VariablesAndConstants4.playground; sourceTree = "<group>"; };
		625A996919F675DD00221D05 /* VariablesAndConstants5.playground */ = {isa = PBXFileReference; lastKnownFileType = file.playground; path = VariablesAndConstants5.playground; sourceTree = "<group>"; };
		625A996A19F6778D00221D05 /* 02TryThis.playground */ = {isa = PBXFileReference; lastKnownFileType = file.playground; path = 02TryThis.playground; sourceTree = "<group>"; };
		625A996C19F677A800221D05 /* 03ASwiftKickstart.pdf */ = {isa = PBXFileReference; lastKnownFileType = image.pdf; path = 03ASwiftKickstart.pdf; sourceTree = "<group>"; };
		625A996D19F6784B00221D05 /* Collections1.playground */ = {isa = PBXFileReference; lastKnownFileType = file.playground; path = Collections1.playground; sourceTree = "<group>"; };
		625A996E19F67A5F00221D05 /* Collections2.playground */ = {isa = PBXFileReference; lastKnownFileType = file.playground; path = Collections2.playground; sourceTree = "<group>"; };
		625A996F19F67B8C00221D05 /* Collections3.playground */ = {isa = PBXFileReference; lastKnownFileType = file.playground; path = Collections3.playground; sourceTree = "<group>"; };
		625A997019F67DF100221D05 /* Collections4.playground */ = {isa = PBXFileReference; lastKnownFileType = file.playground; path = Collections4.playground; sourceTree = "<group>"; };
		625A997119F6807F00221D05 /* Collections5.playground */ = {isa = PBXFileReference; lastKnownFileType = file.playground; path = Collections5.playground; sourceTree = "<group>"; };
		625A997319F6843A00221D05 /* 03TryThis.playground */ = {isa = PBXFileReference; lastKnownFileType = file.playground; path = 03TryThis.playground; sourceTree = "<group>"; };
		625A997419F6844200221D05 /* 04ASwiftKickstart.pdf */ = {isa = PBXFileReference; lastKnownFileType = image.pdf; path = 04ASwiftKickstart.pdf; sourceTree = "<group>"; };
		625A997519F6846500221D05 /* MoreFunctions1.playground */ = {isa = PBXFileReference; lastKnownFileType = file.playground; path = MoreFunctions1.playground; sourceTree = "<group>"; };
		625A997619F6859700221D05 /* MoreFunctions2.playground */ = {isa = PBXFileReference; lastKnownFileType = file.playground; path = MoreFunctions2.playground; sourceTree = "<group>"; };
		625A997719F6864600221D05 /* MoreFunctions3.playground */ = {isa = PBXFileReference; lastKnownFileType = file.playground; path = MoreFunctions3.playground; sourceTree = "<group>"; };
		625A997819F6870D00221D05 /* MoreFunctions4.playground */ = {isa = PBXFileReference; lastKnownFileType = file.playground; path = MoreFunctions4.playground; sourceTree = "<group>"; };
		625A997919F694C800221D05 /* MoreFunctions5.playground */ = {isa = PBXFileReference; lastKnownFileType = file.playground; path = MoreFunctions5.playground; sourceTree = "<group>"; };
		625A997A19F698DF00221D05 /* MoreFunctions6.playground */ = {isa = PBXFileReference; lastKnownFileType = file.playground; path = MoreFunctions6.playground; sourceTree = "<group>"; };
		625A997B19F69B2A00221D05 /* MoreFunctions7.playground */ = {isa = PBXFileReference; lastKnownFileType = file.playground; path = MoreFunctions7.playground; sourceTree = "<group>"; };
		625A997D19F69C9E00221D05 /* 04TryThis.playground */ = {isa = PBXFileReference; lastKnownFileType = file.playground; path = 04TryThis.playground; sourceTree = "<group>"; };
		625A997E19F69CB000221D05 /* 05ASwiftKickstart.pdf */ = {isa = PBXFileReference; lastKnownFileType = image.pdf; path = 05ASwiftKickstart.pdf; sourceTree = "<group>"; };
		625A997F19F69CC300221D05 /* Classes1.playground */ = {isa = PBXFileReference; lastKnownFileType = file.playground; path = Classes1.playground; sourceTree = "<group>"; };
		625A998019F69E5100221D05 /* Classes2.playground */ = {isa = PBXFileReference; lastKnownFileType = file.playground; path = Classes2.playground; sourceTree = "<group>"; };
		625A998119F6A02F00221D05 /* Classes3.playground */ = {isa = PBXFileReference; lastKnownFileType = file.playground; path = Classes3.playground; sourceTree = "<group>"; };
		625A998219F6A12300221D05 /* Classes4.playground */ = {isa = PBXFileReference; lastKnownFileType = file.playground; path = Classes4.playground; sourceTree = "<group>"; };
		625A998319F6A19B00221D05 /* Classes5.playground */ = {isa = PBXFileReference; lastKnownFileType = file.playground; path = Classes5.playground; sourceTree = "<group>"; };
		625A998419F6A2A700221D05 /* Classes6.playground */ = {isa = PBXFileReference; lastKnownFileType = file.playground; path = Classes6.playground; sourceTree = "<group>"; };
		625A998619F6A62600221D05 /* 05TryThis.playground */ = {isa = PBXFileReference; lastKnownFileType = file.playground; path = 05TryThis.playground; sourceTree = "<group>"; };
		625A998719F6A63000221D05 /* 06ASwiftKickstart.pdf */ = {isa = PBXFileReference; lastKnownFileType = image.pdf; path = 06ASwiftKickstart.pdf; sourceTree = "<group>"; };
		625A998819F6A64700221D05 /* Enumerations1.playground */ = {isa = PBXFileReference; lastKnownFileType = file.playground; path = Enumerations1.playground; sourceTree = "<group>"; };
		625A998919F6A92A00221D05 /* Enumerations2.playground */ = {isa = PBXFileReference; lastKnownFileType = file.playground; path = Enumerations2.playground; sourceTree = "<group>"; };
		625A998A19F6AA0700221D05 /* Enumerations3.playground */ = {isa = PBXFileReference; lastKnownFileType = file.playground; path = Enumerations3.playground; sourceTree = "<group>"; };
		625A998B19F6AA8400221D05 /* Enumerations4.playground */ = {isa = PBXFileReference; lastKnownFileType = file.playground; path = Enumerations4.playground; sourceTree = "<group>"; };
		625A998C19F6AB6100221D05 /* Enumerations5.playground */ = {isa = PBXFileReference; lastKnownFileType = file.playground; path = Enumerations5.playground; sourceTree = "<group>"; };
		625A998D19F6AFB800221D05 /* 06TryThis.playground */ = {isa = PBXFileReference; lastKnownFileType = file.playground; path = 06TryThis.playground; sourceTree = "<group>"; };
		625A999019F6B00500221D05 /* 07ASwiftKickstart.pdf */ = {isa = PBXFileReference; lastKnownFileType = image.pdf; path = 07ASwiftKickstart.pdf; sourceTree = "<group>"; };
		625A999119F6B00500221D05 /* 07TryThis.playground */ = {isa = PBXFileReference; lastKnownFileType = file.playground; path = 07TryThis.playground; sourceTree = "<group>"; };
		625A999219F6B01100221D05 /* 08ASwiftKickstart.pdf */ = {isa = PBXFileReference; lastKnownFileType = image.pdf; path = 08ASwiftKickstart.pdf; sourceTree = "<group>"; };
		625A999319F6B01100221D05 /* 08TryThis.playground */ = {isa = PBXFileReference; lastKnownFileType = file.playground; path = 08TryThis.playground; sourceTree = "<group>"; };
/* End PBXFileReference section */

/* Begin PBXGroup section */
		620B81B719F6546B004ABFB7 = {
			isa = PBXGroup;
			children = (
				620B81BE19F65524004ABFB7 /* Functions */,
				625A996319F6687000221D05 /* Constants and Variables */,
				625A996B19F6779400221D05 /* Collections */,
				625A997219F6842600221D05 /* More Functions */,
				625A997C19F69C8800221D05 /* Classes */,
				625A998519F6A61300221D05 /* Enumerations */,
				625A998E19F6AFBD00221D05 /* Structs */,
				625A998F19F6AFC800221D05 /* Protocols */,
			);
			sourceTree = "<group>";
		};
		620B81BE19F65524004ABFB7 /* Functions */ = {
			isa = PBXGroup;
			children = (
				620B81BF19F65597004ABFB7 /* 01ASwiftKickstart.pdf */,
				625A995E19F65A1200221D05 /* Functions.playground */,
				625A995F19F65EEA00221D05 /* Functions2.playground */,
				625A996019F6636F00221D05 /* Functions3.playground */,
				625A996119F664F500221D05 /* Functions4.playground */,
				625A996219F6686300221D05 /* 01TryThis.playground */,
			);
			name = Functions;
			sourceTree = "<group>";
		};
		625A996319F6687000221D05 /* Constants and Variables */ = {
			isa = PBXGroup;
			children = (
				625A996419F6688300221D05 /* 02ASwiftKickstart.pdf */,
				625A996519F668B500221D05 /* VariablesAndConstants1.playground */,
				625A996619F66AEA00221D05 /* VariablesAndConstants2.playground */,
				625A996719F6717A00221D05 /* VariablesAndConstants3.playground */,
				625A996819F6738100221D05 /* VariablesAndConstants4.playground */,
				625A996919F675DD00221D05 /* VariablesAndConstants5.playground */,
				625A996A19F6778D00221D05 /* 02TryThis.playground */,
			);
			name = "Constants and Variables";
			sourceTree = "<group>";
		};
		625A996B19F6779400221D05 /* Collections */ = {
			isa = PBXGroup;
			children = (
				625A996C19F677A800221D05 /* 03ASwiftKickstart.pdf */,
				625A996D19F6784B00221D05 /* Collections1.playground */,
				625A996E19F67A5F00221D05 /* Collections2.playground */,
				625A996F19F67B8C00221D05 /* Collections3.playground */,
				625A997019F67DF100221D05 /* Collections4.playground */,
				625A997119F6807F00221D05 /* Collections5.playground */,
				625A997319F6843A00221D05 /* 03TryThis.playground */,
			);
			name = Collections;
			sourceTree = "<group>";
		};
		625A997219F6842600221D05 /* More Functions */ = {
			isa = PBXGroup;
			children = (
				625A997419F6844200221D05 /* 04ASwiftKickstart.pdf */,
				625A997519F6846500221D05 /* MoreFunctions1.playground */,
				625A997619F6859700221D05 /* MoreFunctions2.playground */,
				625A997719F6864600221D05 /* MoreFunctions3.playground */,
				625A997819F6870D00221D05 /* MoreFunctions4.playground */,
				625A997919F694C800221D05 /* MoreFunctions5.playground */,
				625A997A19F698DF00221D05 /* MoreFunctions6.playground */,
				625A997B19F69B2A00221D05 /* MoreFunctions7.playground */,
				625A997D19F69C9E00221D05 /* 04TryThis.playground */,
			);
			name = "More Functions";
			sourceTree = "<group>";
		};
		625A997C19F69C8800221D05 /* Classes */ = {
			isa = PBXGroup;
			children = (
				625A997E19F69CB000221D05 /* 05ASwiftKickstart.pdf */,
				625A997F19F69CC300221D05 /* Classes1.playground */,
				625A998019F69E5100221D05 /* Classes2.playground */,
				625A998119F6A02F00221D05 /* Classes3.playground */,
				625A998219F6A12300221D05 /* Classes4.playground */,
				625A998319F6A19B00221D05 /* Classes5.playground */,
				625A998419F6A2A700221D05 /* Classes6.playground */,
				625A998619F6A62600221D05 /* 05TryThis.playground */,
			);
			name = Classes;
			sourceTree = "<group>";
		};
		625A998519F6A61300221D05 /* Enumerations */ = {
			isa = PBXGroup;
			children = (
				625A998719F6A63000221D05 /* 06ASwiftKickstart.pdf */,
				625A998819F6A64700221D05 /* Enumerations1.playground */,
				625A998919F6A92A00221D05 /* Enumerations2.playground */,
				625A998A19F6AA0700221D05 /* Enumerations3.playground */,
				625A998B19F6AA8400221D05 /* Enumerations4.playground */,
				625A998C19F6AB6100221D05 /* Enumerations5.playground */,
				625A998D19F6AFB800221D05 /* 06TryThis.playground */,
			);
			name = Enumerations;
			sourceTree = "<group>";
		};
		625A998E19F6AFBD00221D05 /* Structs */ = {
			isa = PBXGroup;
			children = (
				625A999019F6B00500221D05 /* 07ASwiftKickstart.pdf */,
				625A999119F6B00500221D05 /* 07TryThis.playground */,
			);
			name = Structs;
			sourceTree = "<group>";
		};
		625A998F19F6AFC800221D05 /* Protocols */ = {
			isa = PBXGroup;
			children = (
				625A999219F6B01100221D05 /* 08ASwiftKickstart.pdf */,
				625A999319F6B01100221D05 /* 08TryThis.playground */,
			);
			name = Protocols;
			sourceTree = "<group>";
		};
/* End PBXGroup section */

/* Begin PBXProject section */
		620B81B819F6546B004ABFB7 /* Project object */ = {
			isa = PBXProject;
			attributes = {
				LastUpgradeCheck = 0610;
			};
			buildConfigurationList = 620B81BB19F6546B004ABFB7 /* Build configuration list for PBXProject "LondonKickstart" */;
			compatibilityVersion = "Xcode 3.2";
			developmentRegion = English;
			hasScannedForEncodings = 0;
			knownRegions = (
				en,
			);
			mainGroup = 620B81B719F6546B004ABFB7;
			projectDirPath = "";
			projectRoot = "";
			targets = (
			);
		};
/* End PBXProject section */

/* Begin XCBuildConfiguration section */
		620B81BC19F6546B004ABFB7 /* Debug */ = {
			isa = XCBuildConfiguration;
			buildSettings = {
			};
			name = Debug;
		};
		620B81BD19F6546B004ABFB7 /* Release */ = {
			isa = XCBuildConfiguration;
			buildSettings = {
			};
			name = Release;
		};
/* End XCBuildConfiguration section */

/* Begin XCConfigurationList section */
		620B81BB19F6546B004ABFB7 /* Build configuration list for PBXProject "LondonKickstart" */ = {
			isa = XCConfigurationList;
			buildConfigurations = (
				620B81BC19F6546B004ABFB7 /* Debug */,
				620B81BD19F6546B004ABFB7 /* Release */,
			);
			defaultConfigurationIsVisible = 0;
			defaultConfigurationName = Release;
		};
/* End XCConfigurationList section */
	};
	rootObject = 620B81B819F6546B004ABFB7 /* Project object */;
}
